
Microsoft Visual Studio Solution File, Format Version 12.00
# Visual Studio 15
VisualStudioVersion = 15.0.28307.1758
MinimumVisualStudioVersion = 10.0.40219.1
Project("{FAE04EC0-301F-11D3-BF4B-00C04F79EFBC}") = "LLVC", "LLVC\LLVC.csproj", "{76E01981-9A2F-4E3D-A3D7-232147B6A865}"
EndProject
Global
	GlobalSection(SolutionConfigurationPlatforms) = preSolution
		Debug|Any CPU = Debug|Any CPU
		Release|Any CPU = Release|Any CPU
	EndGlobalSection
	GlobalSection(ProjectConfigurationPlatforms) = postSolution
		{76E01981-9A2F-4E3D-A3D7-232147B6A865}.Debug|Any CPU.ActiveCfg = Debug|Any CPU
		{76E01981-9A2F-4E3D-A3D7-232147B6A865}.Debug|Any CPU.Build.0 = Debug|Any CPU
		{76E01981-9A2F-4E3D-A3D7-232147B6A865}.Release|Any CPU.ActiveCfg = Release|Any CPU
		{76E01981-9A2F-4E3D-A3D7-232147B6A865}.Release|Any CPU.Build.0 = Release|Any CPU
	EndGlobalSection
	GlobalSection(SolutionProperties) = preSolution
		HideSolutionNode = FALSE
	EndGlobalSection
	GlobalSection(ExtensibilityGlobals) = postSolution
		SolutionGuid = {809CBEEE-77F2-4A78-94AE-3839A8B1B7C9}
	EndGlobalSection
EndGlobal
